
Microsoft Visual Studio Solution File, Format Version 12.00
# Visual Studio Version 16
VisualStudioVersion = 16.0.29418.71
MinimumVisualStudioVersion = 10.0.40219.1
Project("{FAE04EC0-301F-11D3-BF4B-00C04F79EFBC}") = "Sakov.laba12", "Sakov.laba12.csproj", "{64F78C2B-5137-4FAA-B752-57C44B4649A8}"
EndProject
Global
	GlobalSection(SolutionConfigurationPlatforms) = preSolution
		Debug|Any CPU = Debug|Any CPU
		Release|Any CPU = Release|Any CPU
	EndGlobalSection
	GlobalSection(ProjectConfigurationPlatforms) = postSolution
		{64F78C2B-5137-4FAA-B752-57C44B4649A8}.Debug|Any CPU.ActiveCfg = Debug|Any CPU
		{64F78C2B-5137-4FAA-B752-57C44B4649A8}.Debug|Any CPU.Build.0 = Debug|Any CPU
		{64F78C2B-5137-4FAA-B752-57C44B4649A8}.Release|Any CPU.ActiveCfg = Release|Any CPU
		{64F78C2B-5137-4FAA-B752-57C44B4649A8}.Release|Any CPU.Build.0 = Release|Any CPU
	EndGlobalSection
	GlobalSection(SolutionProperties) = preSolution
		HideSolutionNode = FALSE
	EndGlobalSection
	GlobalSection(ExtensibilityGlobals) = postSolution
		SolutionGuid = {5CBEA30E-F67B-4F89-B22A-A992365BA3A8}
	EndGlobalSection
EndGlobal
