
Microsoft Visual Studio Solution File, Format Version 12.00
# Visual Studio Version 16
VisualStudioVersion = 16.0.29306.81
MinimumVisualStudioVersion = 10.0.40219.1
Project("{FAE04EC0-301F-11D3-BF4B-00C04F79EFBC}") = "Sakov.laba7", "Sakov.laba7.csproj", "{09005008-A2F9-4834-BD7B-3062364E5E3D}"
EndProject
Global
	GlobalSection(SolutionConfigurationPlatforms) = preSolution
		Debug|Any CPU = Debug|Any CPU
		Release|Any CPU = Release|Any CPU
	EndGlobalSection
	GlobalSection(ProjectConfigurationPlatforms) = postSolution
		{09005008-A2F9-4834-BD7B-3062364E5E3D}.Debug|Any CPU.ActiveCfg = Debug|Any CPU
		{09005008-A2F9-4834-BD7B-3062364E5E3D}.Debug|Any CPU.Build.0 = Debug|Any CPU
		{09005008-A2F9-4834-BD7B-3062364E5E3D}.Release|Any CPU.ActiveCfg = Release|Any CPU
		{09005008-A2F9-4834-BD7B-3062364E5E3D}.Release|Any CPU.Build.0 = Release|Any CPU
	EndGlobalSection
	GlobalSection(SolutionProperties) = preSolution
		HideSolutionNode = FALSE
	EndGlobalSection
	GlobalSection(ExtensibilityGlobals) = postSolution
		SolutionGuid = {BFED9BB7-1500-426B-B160-06A4D8013D21}
	EndGlobalSection
EndGlobal
